
Microsoft Visual Studio Solution File, Format Version 12.00
# Visual Studio 15
Project("{FAE04EC0-301F-11D3-BF4B-00C04F79EFBC}") = "Assembly-CSharp", "Assembly-CSharp.csproj", "{413E62F5-B65C-4F16-79B8-16A3D3143C9A}"
EndProject
Project("{FAE04EC0-301F-11D3-BF4B-00C04F79EFBC}") = "SteamVR", "SteamVR.csproj", "{F1E5161B-0CED-5239-D9A2-2EBCD9C54809}"
EndProject
Project("{FAE04EC0-301F-11D3-BF4B-00C04F79EFBC}") = "SteamVR_Actions", "SteamVR_Actions.csproj", "{197F4CBA-8A13-AA82-A917-965D612F1A08}"
EndProject
Project("{FAE04EC0-301F-11D3-BF4B-00C04F79EFBC}") = "Assembly-CSharp-Editor", "Assembly-CSharp-Editor.csproj", "{0CD13452-843D-9BB4-B4FD-1F8AB8A407C8}"
EndProject
Project("{FAE04EC0-301F-11D3-BF4B-00C04F79EFBC}") = "SteamVR_Editor", "SteamVR_Editor.csproj", "{32DAC4FD-1647-69E9-5541-D6F95EDB28B6}"
EndProject
Project("{FAE04EC0-301F-11D3-BF4B-00C04F79EFBC}") = "SteamVR_Input_Editor", "SteamVR_Input_Editor.csproj", "{DF2412B1-CEBE-26E9-3623-6CA4F1E72B4F}"
EndProject
Project("{FAE04EC0-301F-11D3-BF4B-00C04F79EFBC}") = "SteamVR_Windows_EditorHelper", "SteamVR_Windows_EditorHelper.csproj", "{7D648804-DC84-4B65-4B66-64D7249CD3DA}"
EndProject
Global
	GlobalSection(SolutionConfigurationPlatforms) = preSolution
		Debug|Any CPU = Debug|Any CPU
		Release|Any CPU = Release|Any CPU
	EndGlobalSection
	GlobalSection(ProjectConfigurationPlatforms) = postSolution
		{413E62F5-B65C-4F16-79B8-16A3D3143C9A}.Debug|Any CPU.ActiveCfg = Debug|Any CPU
		{413E62F5-B65C-4F16-79B8-16A3D3143C9A}.Debug|Any CPU.Build.0 = Debug|Any CPU
		{413E62F5-B65C-4F16-79B8-16A3D3143C9A}.Release|Any CPU.ActiveCfg = Release|Any CPU
		{413E62F5-B65C-4F16-79B8-16A3D3143C9A}.Release|Any CPU.Build.0 = Release|Any CPU
		{F1E5161B-0CED-5239-D9A2-2EBCD9C54809}.Debug|Any CPU.ActiveCfg = Debug|Any CPU
		{F1E5161B-0CED-5239-D9A2-2EBCD9C54809}.Debug|Any CPU.Build.0 = Debug|Any CPU
		{F1E5161B-0CED-5239-D9A2-2EBCD9C54809}.Release|Any CPU.ActiveCfg = Release|Any CPU
		{F1E5161B-0CED-5239-D9A2-2EBCD9C54809}.Release|Any CPU.Build.0 = Release|Any CPU
		{197F4CBA-8A13-AA82-A917-965D612F1A08}.Debug|Any CPU.ActiveCfg = Debug|Any CPU
		{197F4CBA-8A13-AA82-A917-965D612F1A08}.Debug|Any CPU.Build.0 = Debug|Any CPU
		{197F4CBA-8A13-AA82-A917-965D612F1A08}.Release|Any CPU.ActiveCfg = Release|Any CPU
		{197F4CBA-8A13-AA82-A917-965D612F1A08}.Release|Any CPU.Build.0 = Release|Any CPU
		{0CD13452-843D-9BB4-B4FD-1F8AB8A407C8}.Debug|Any CPU.ActiveCfg = Debug|Any CPU
		{0CD13452-843D-9BB4-B4FD-1F8AB8A407C8}.Debug|Any CPU.Build.0 = Debug|Any CPU
		{0CD13452-843D-9BB4-B4FD-1F8AB8A407C8}.Release|Any CPU.ActiveCfg = Release|Any CPU
		{0CD13452-843D-9BB4-B4FD-1F8AB8A407C8}.Release|Any CPU.Build.0 = Release|Any CPU
		{32DAC4FD-1647-69E9-5541-D6F95EDB28B6}.Debug|Any CPU.ActiveCfg = Debug|Any CPU
		{32DAC4FD-1647-69E9-5541-D6F95EDB28B6}.Debug|Any CPU.Build.0 = Debug|Any CPU
		{32DAC4FD-1647-69E9-5541-D6F95EDB28B6}.Release|Any CPU.ActiveCfg = Release|Any CPU
		{32DAC4FD-1647-69E9-5541-D6F95EDB28B6}.Release|Any CPU.Build.0 = Release|Any CPU
		{DF2412B1-CEBE-26E9-3623-6CA4F1E72B4F}.Debug|Any CPU.ActiveCfg = Debug|Any CPU
		{DF2412B1-CEBE-26E9-3623-6CA4F1E72B4F}.Debug|Any CPU.Build.0 = Debug|Any CPU
		{DF2412B1-CEBE-26E9-3623-6CA4F1E72B4F}.Release|Any CPU.ActiveCfg = Release|Any CPU
		{DF2412B1-CEBE-26E9-3623-6CA4F1E72B4F}.Release|Any CPU.Build.0 = Release|Any CPU
		{7D648804-DC84-4B65-4B66-64D7249CD3DA}.Debug|Any CPU.ActiveCfg = Debug|Any CPU
		{7D648804-DC84-4B65-4B66-64D7249CD3DA}.Debug|Any CPU.Build.0 = Debug|Any CPU
		{7D648804-DC84-4B65-4B66-64D7249CD3DA}.Release|Any CPU.ActiveCfg = Release|Any CPU
		{7D648804-DC84-4B65-4B66-64D7249CD3DA}.Release|Any CPU.Build.0 = Release|Any CPU
	EndGlobalSection
	GlobalSection(SolutionProperties) = preSolution
		HideSolutionNode = FALSE
	EndGlobalSection
EndGlobal
